
Microsoft Visual Studio Solution File, Format Version 12.00
# Visual Studio Version 16
VisualStudioVersion = 16.0.30804.86
MinimumVisualStudioVersion = 10.0.40219.1
Project("{FAE04EC0-301F-11D3-BF4B-00C04F79EFBC}") = "Gewen_AdditionalTraits", "Gewen_AdditionalTraits.csproj", "{EBCF0F0D-EEF9-4B01-97BE-3D0C799C3227}"
EndProject
Global
	GlobalSection(SolutionConfigurationPlatforms) = preSolution
		Debug|Any CPU = Debug|Any CPU
		Release 1.2|Any CPU = Release 1.2|Any CPU
		Release Current|Any CPU = Release Current|Any CPU
	EndGlobalSection
	GlobalSection(ProjectConfigurationPlatforms) = postSolution
		{EBCF0F0D-EEF9-4B01-97BE-3D0C799C3227}.Debug|Any CPU.ActiveCfg = Debug|Any CPU
		{EBCF0F0D-EEF9-4B01-97BE-3D0C799C3227}.Debug|Any CPU.Build.0 = Debug|Any CPU
		{EBCF0F0D-EEF9-4B01-97BE-3D0C799C3227}.Release 1.2|Any CPU.ActiveCfg = Release 1.2|Any CPU
		{EBCF0F0D-EEF9-4B01-97BE-3D0C799C3227}.Release 1.2|Any CPU.Build.0 = Release 1.2|Any CPU
		{EBCF0F0D-EEF9-4B01-97BE-3D0C799C3227}.Release Current|Any CPU.ActiveCfg = Release Current|Any CPU
		{EBCF0F0D-EEF9-4B01-97BE-3D0C799C3227}.Release Current|Any CPU.Build.0 = Release Current|Any CPU
	EndGlobalSection
	GlobalSection(SolutionProperties) = preSolution
		HideSolutionNode = FALSE
	EndGlobalSection
	GlobalSection(ExtensibilityGlobals) = postSolution
		SolutionGuid = {BEB19F91-0940-4312-817D-37E01C2E83C4}
	EndGlobalSection
EndGlobal
